github.com/go-quicktest/qt v1.101.0 h1:O1K29Txy5P2OK0dGo59b7b0LR6wKfIhttaAhHUyn7eI=
github.com/go-quicktest/qt v1.101.0/go.mod h1:14Bz/f7NwaXPtdYEgzsx46kqSxVwTbzVZsDC26tQJow=
github.com/google/go-cmp v0.7.0 h1:wk8382ETsv4JYUZwIsn6YpYiWiBsYLSJiTsyBybVuN8=
github.com/google/go-cmp v0.7.0/go.mod h1:pXiqmnSA92OHEEa9HXL2W4E7lf9JzCmGVUdgjX3N/iU=
github.com/google/renameio/v2 v2.0.0 h1:UifI23ZTGY8Tt29JbYFiuyIU3eX+RNFtUwefq9qAhxg=
github.com/google/renameio/v2 v2.0.0/go.mod h1:BtmJXm5YlszgC+TD4HOEEUFgkJP3nLxehU6hfe7jRt4=
github.com/kr/pretty v0.3.1 h1:flRD4NNwYAUpkphVc1HcthR4KEIFJ65n8Mw5qdRn3LE=
github.com/kr/pretty v0.3.1/go.mod h1:hoEshYVHaxMs3cyo3Yncou5ZscifuDolrwPKZanG3xk=
github.com/kr/text v0.2.0 h1:5Nx0Ya0ZqY2ygV366QzturHI13Jq95ApcVaJBhpS+AY=
github.com/kr/text v0.2.0/go.mod h1:eLer722TekiGuMkidMxC/pM04lWEeraHUUmBw8l2grE=
github.com/magefile/mage v1.15.0 h1:BvGheCMAsG3bWUDbZ8AyXXpCNwU9u5CB6sM+HNb9HYg=
github.com/magefile/mage v1.15.0/go.mod h1:z5UZb/iS3GoOSn0JgWuiw7dxlurVYTu+/jHXqQg881A=
github.com/mcandre/mage-extras v0.0.24 h1:r0sStsVbiPRlKcdOi/nm3PUzYWKW1ImJhamaETYybno=
github.com/mcandre/mage-extras v0.0.24/go.mod h1:zhbIqQ1YJruJ41ESXxc4Fb8rrLG/zE5MYBQkPPpopd8=
github.com/mcandre/slick v0.0.14 h1:O0zjvm/J4078a+YP0Lc5oTF8r6N+BFpxxZKyO41TpEY=
github.com/mcandre/slick v0.0.14/go.mod h1:xQqGWmae+SIPQuEMxH8fXGqnJ82vNBUmXrG+Z9sU8xM=
github.com/mcandre/stank v0.0.35 h1:dVDjPHLg2jTzClB4BGBS79WX3DvNS4EMbdkNHcZ8iWM=
github.com/mcandre/stank v0.0.35/go.mod h1:DtBaLeGDZAdPJQMUQyv/nw4mUsfEIskePlqq+U2TLTk=
github.com/rogpeppe/go-internal v1.14.1 h1:UQB4HGPB6osV0SQTLymcB4TgvyWu6ZyliaW0tI/otEQ=
github.com/rogpeppe/go-internal v1.14.1/go.mod h1:MaRKkUm5W0goXpeCfT7UZI6fk/L7L7so1lCWt35ZSgc=
golang.org/x/sys v0.32.0 h1:s77OFDvIQeibCmezSnk/q6iAfkdiQaJi4VzroCFrN20=
golang.org/x/sys v0.32.0/go.mod h1:BJP2sWEmIv4KK5OTEluFJCKSidICx8ciO85XgH3Ak8k=
golang.org/x/term v0.31.0 h1:erwDkOK1Msy6offm1mOgvspSkslFnIGsFnxOKoufg3o=
golang.org/x/term v0.31.0/go.mod h1:R4BeIy7D95HzImkxGkTW1UQTtP54tio2RyHz7PwK0aw=
golang.org/x/tools v0.32.0 h1:Q7N1vhpkQv7ybVzLFtTjvQya2ewbwNDZzUgfXGqtMWU=
golang.org/x/tools v0.32.0/go.mod h1:ZxrU41P/wAbZD8EDa6dDCa6XfpkhJ7HFMjHJXfBDu8s=
mvdan.cc/editorconfig v0.3.0 h1:D1D2wLYEYGpawWT5SpM5pRivgEgXjtEXwC9MWhEY0gQ=
mvdan.cc/editorconfig v0.3.0/go.mod h1:NcJHuDtNOTEJ6251indKiWuzK6+VcrMuLzGMLKBFupQ=
mvdan.cc/sh/v3 v3.11.0 h1:q5h+XMDRfUGUedCqFFsjoFjrhwf2Mvtt1rkMvVz0blw=
mvdan.cc/sh/v3 v3.11.0/go.mod h1:LRM+1NjoYCzuq/WZ6y44x14YNAI0NK7FLPeQSaFagGg=
